<?xml version="1.0" encoding="utf-8"?>
<Project ToolsVersion="4.0" xmlns="http://schemas.microsoft.com/developer/msbuild/2003">
  <ItemGroup>
    <Filter Include="Archivos de origen">
      <UniqueIdentifier>{4FC737F1-C7A5-4376-A066-2A32D752A2FF}</UniqueIdentifier>
      <Extensions>cpp;c;cc;cxx;c++;cppm;ixx;def;odl;idl;hpj;bat;asm;asmx</Extensions>
    </Filter>
    <Filter Include="Archivos de encabezado">
      <UniqueIdentifier>{93995380-89BD-4b04-88EB-625FBE52EBFB}</UniqueIdentifier>
      <Extensions>h;hh;hpp;hxx;h++;hm;inl;inc;ipp;xsd</Extensions>
    </Filter>
    <Filter Include="Archivos de recursos">
      <UniqueIdentifier>{67DA6AB6-F800-4c08-8B7A-83BB121AAD01}</UniqueIdentifier>
      <Extensions>rc;ico;cur;bmp;dlg;rc2;rct;bin;rgs;gif;jpg;jpeg;jpe;resx;tiff;tif;png;wav;mfcribbon-ms</Extensions>
    </Filter>
    <Filter Include="DevTools">
      <UniqueIdentifier>{b9f540b1-c515-4540-92df-1655e78a245a}</UniqueIdentifier>
    </Filter>
    <Filter Include="DevTools\Header">
      <UniqueIdentifier>{c4c029fd-1ac4-496a-b39b-74c009493f1a}</UniqueIdentifier>
    </Filter>
    <Filter Include="DevTools\Cpp">
      <UniqueIdentifier>{0acc3c61-2494-4622-bf07-d5180a5ef50e}</UniqueIdentifier>
    </Filter>
    <Filter Include="Imgui">
      <UniqueIdentifier>{8b0245a9-654c-46e9-ba79-05e8f819a4e3}</UniqueIdentifier>
    </Filter>
    <Filter Include="AI">
      <UniqueIdentifier>{4923cd48-1e77-49c6-8fa6-b3ffd3c05ddd}</UniqueIdentifier>
    </Filter>
    <Filter Include="AI\Anim">
      <UniqueIdentifier>{71bddb7f-1c5b-408e-b899-bbbb991cf8da}</UniqueIdentifier>
    </Filter>
    <Filter Include="AI\Anim\Header">
      <UniqueIdentifier>{b4d3bc11-fd4e-46bf-91c9-e2bf45f85058}</UniqueIdentifier>
    </Filter>
    <Filter Include="AI\Anim\Cpp">
      <UniqueIdentifier>{96d970b1-b701-4faf-94ee-bc6614b99435}</UniqueIdentifier>
    </Filter>
    <Filter Include="AI\AI_State">
      <UniqueIdentifier>{3b6b1d39-7bc6-431b-bad9-b5fcc6e77c54}</UniqueIdentifier>
    </Filter>
    <Filter Include="AI\AI_State\Header">
      <UniqueIdentifier>{d58913de-c38a-452d-b9a7-8b2510df7b7f}</UniqueIdentifier>
    </Filter>
    <Filter Include="AI\AI_State\Cpp">
      <UniqueIdentifier>{308349b7-dc83-4f64-a596-6716701b9719}</UniqueIdentifier>
    </Filter>
  </ItemGroup>
  <ItemGroup>
    <ClCompile Include="Source.cpp">
      <Filter>Archivos de origen</Filter>
    </ClCompile>
    <ClCompile Include="Game.cpp">
      <Filter>Archivos de origen</Filter>
    </ClCompile>
    <ClCompile Include="UIShape.cpp">
      <Filter>DevTools\Cpp</Filter>
    </ClCompile>
    <ClCompile Include="Button.cpp">
      <Filter>DevTools\Cpp</Filter>
    </ClCompile>
    <ClCompile Include="CFont.cpp">
      <Filter>DevTools\Cpp</Filter>
    </ClCompile>
    <ClCompile Include="CTexture.cpp">
      <Filter>DevTools\Cpp</Filter>
    </ClCompile>
    <ClCompile Include="DeltaTime.cpp">
      <Filter>DevTools\Cpp</Filter>
    </ClCompile>
    <ClCompile Include="Input.cpp">
      <Filter>DevTools\Cpp</Filter>
    </ClCompile>
    <ClCompile Include="MenuManager.cpp">
      <Filter>DevTools\Cpp</Filter>
    </ClCompile>
    <ClCompile Include="UI.cpp">
      <Filter>DevTools\Cpp</Filter>
    </ClCompile>
    <ClCompile Include="..\..\..\..\..\..\..\Development\Externals\imgui-1.8\imgui.cpp">
      <Filter>Imgui</Filter>
    </ClCompile>
    <ClCompile Include="..\..\..\..\..\..\..\Development\Externals\imgui-1.8\imgui_draw.cpp">
      <Filter>Imgui</Filter>
    </ClCompile>
    <ClCompile Include="..\..\..\..\..\..\..\Development\Externals\imgui-1.8\imgui_tables.cpp">
      <Filter>Imgui</Filter>
    </ClCompile>
    <ClCompile Include="..\..\..\..\..\..\..\Development\Externals\imgui-1.8\imgui_widgets.cpp">
      <Filter>Imgui</Filter>
    </ClCompile>
    <ClCompile Include="..\..\..\..\..\..\..\Development\Externals\imgui-1.8\imgui_demo.cpp">
      <Filter>Imgui</Filter>
    </ClCompile>
    <ClCompile Include="Map.cpp">
      <Filter>Archivos de origen</Filter>
    </ClCompile>
    <ClCompile Include="Tile.cpp">
      <Filter>Archivos de origen</Filter>
    </ClCompile>
    <ClCompile Include="Tree.cpp">
      <Filter>Archivos de origen</Filter>
    </ClCompile>
    <ClCompile Include="AI.cpp">
      <Filter>AI</Filter>
    </ClCompile>
    <ClCompile Include="SteeringBehavior.cpp">
      <Filter>AI</Filter>
    </ClCompile>
    <ClCompile Include="Anim_State.cpp">
      <Filter>AI\Anim\Cpp</Filter>
    </ClCompile>
    <ClCompile Include="Anim_StateDefeat.cpp">
      <Filter>AI\Anim\Cpp</Filter>
    </ClCompile>
    <ClCompile Include="Anim_StateIdle.cpp">
      <Filter>AI\Anim\Cpp</Filter>
    </ClCompile>
    <ClCompile Include="Anim_StateMachine.cpp">
      <Filter>AI\Anim\Cpp</Filter>
    </ClCompile>
    <ClCompile Include="Anim_StateRun.cpp">
      <Filter>AI\Anim\Cpp</Filter>
    </ClCompile>
    <ClCompile Include="Anim_StateWalkDown.cpp">
      <Filter>AI\Anim\Cpp</Filter>
    </ClCompile>
    <ClCompile Include="Anim_StateWalkLeft.cpp">
      <Filter>AI\Anim\Cpp</Filter>
    </ClCompile>
    <ClCompile Include="Anim_StateWalkRight.cpp">
      <Filter>AI\Anim\Cpp</Filter>
    </ClCompile>
    <ClCompile Include="Anim_StateWalkUp.cpp">
      <Filter>AI\Anim\Cpp</Filter>
    </ClCompile>
    <ClCompile Include="Animation.cpp">
      <Filter>AI\Anim\Cpp</Filter>
    </ClCompile>
    <ClCompile Include="AI_State.cpp">
      <Filter>AI\AI_State\Cpp</Filter>
    </ClCompile>
    <ClCompile Include="AI_StateCapture.cpp">
      <Filter>AI\AI_State\Cpp</Filter>
    </ClCompile>
    <ClCompile Include="AI_StateCarryBase.cpp">
      <Filter>AI\AI_State\Cpp</Filter>
    </ClCompile>
    <ClCompile Include="AI_StateCover.cpp">
      <Filter>AI\AI_State\Cpp</Filter>
    </ClCompile>
    <ClCompile Include="AI_StateMachine.cpp">
      <Filter>AI\AI_State\Cpp</Filter>
    </ClCompile>
    <ClCompile Include="AI_StateSteal.cpp">
      <Filter>AI\AI_State\Cpp</Filter>
    </ClCompile>
    <ClCompile Include="..\..\..\..\..\..\..\Development\Externals\imgui-sfml\imgui-SFML.cpp">
      <Filter>Imgui</Filter>
    </ClCompile>
  </ItemGroup>
  <ItemGroup>
    <ClInclude Include="Game.h">
      <Filter>Archivos de encabezado</Filter>
    </ClInclude>
    <ClInclude Include="UIShape.h">
      <Filter>DevTools\Header</Filter>
    </ClInclude>
    <ClInclude Include="Button.h">
      <Filter>DevTools\Header</Filter>
    </ClInclude>
    <ClInclude Include="CFont.h">
      <Filter>DevTools\Header</Filter>
    </ClInclude>
    <ClInclude Include="CTexture.h">
      <Filter>DevTools\Header</Filter>
    </ClInclude>
    <ClInclude Include="DeltaTime.h">
      <Filter>DevTools\Header</Filter>
    </ClInclude>
    <ClInclude Include="Globals.h">
      <Filter>DevTools\Header</Filter>
    </ClInclude>
    <ClInclude Include="Input.h">
      <Filter>DevTools\Header</Filter>
    </ClInclude>
    <ClInclude Include="MenuManager.h">
      <Filter>DevTools\Header</Filter>
    </ClInclude>
    <ClInclude Include="UI.h">
      <Filter>DevTools\Header</Filter>
    </ClInclude>
    <ClInclude Include="Map.h">
      <Filter>Archivos de encabezado</Filter>
    </ClInclude>
    <ClInclude Include="Tile.h">
      <Filter>Archivos de encabezado</Filter>
    </ClInclude>
    <ClInclude Include="Tree.h">
      <Filter>Archivos de encabezado</Filter>
    </ClInclude>
    <ClInclude Include="AI.h">
      <Filter>AI</Filter>
    </ClInclude>
    <ClInclude Include="SteeringBehavior.h">
      <Filter>AI</Filter>
    </ClInclude>
    <ClInclude Include="Anim_State.h">
      <Filter>AI\Anim\Header</Filter>
    </ClInclude>
    <ClInclude Include="Anim_StateDefeat.h">
      <Filter>AI\Anim\Header</Filter>
    </ClInclude>
    <ClInclude Include="Anim_StateIdle.h">
      <Filter>AI\Anim\Header</Filter>
    </ClInclude>
    <ClInclude Include="Anim_StateMachine.h">
      <Filter>AI\Anim\Header</Filter>
    </ClInclude>
    <ClInclude Include="Anim_StateRun.h">
      <Filter>AI\Anim\Header</Filter>
    </ClInclude>
    <ClInclude Include="Anim_StateWalkDown.h">
      <Filter>AI\Anim\Header</Filter>
    </ClInclude>
    <ClInclude Include="Anim_StateWalkLeft.h">
      <Filter>AI\Anim\Header</Filter>
    </ClInclude>
    <ClInclude Include="Anim_StateWalkRight.h">
      <Filter>AI\Anim\Header</Filter>
    </ClInclude>
    <ClInclude Include="Anim_StateWalkUp.h">
      <Filter>AI\Anim\Header</Filter>
    </ClInclude>
    <ClInclude Include="Animation.h">
      <Filter>AI\Anim\Header</Filter>
    </ClInclude>
    <ClInclude Include="AI_StateSteal.h">
      <Filter>AI\AI_State\Header</Filter>
    </ClInclude>
    <ClInclude Include="AI_StateMachine.h">
      <Filter>AI\AI_State\Header</Filter>
    </ClInclude>
    <ClInclude Include="AI_StateCover.h">
      <Filter>AI\AI_State\Header</Filter>
    </ClInclude>
    <ClInclude Include="AI_StateCarryBase.h">
      <Filter>AI\AI_State\Header</Filter>
    </ClInclude>
    <ClInclude Include="AI_StateCapture.h">
      <Filter>AI\AI_State\Header</Filter>
    </ClInclude>
    <ClInclude Include="AI_State.h">
      <Filter>AI\AI_State\Header</Filter>
    </ClInclude>
  </ItemGroup>
</Project>